Microsoft Visual Studio Solution File, Format Version 12.00
# Visual Studio Version 17
VisualStudioVersion = 17.5.2.0
MinimumVisualStudioVersion = 10.0.40219.1
Project("{FAE04EC0-301F-11D3-BF4B-00C04F79EFBC}") = "WeatherApp", "WeatherApp.csproj", "{35F2F483-4D57-F78B-D3BC-101A6B166E61}"
EndProject
Global
	GlobalSection(SolutionConfigurationPlatforms) = preSolution
		Debug|Any CPU = Debug|Any CPU
		Release|Any CPU = Release|Any CPU
	EndGlobalSection
	GlobalSection(ProjectConfigurationPlatforms) = postSolution
		{35F2F483-4D57-F78B-D3BC-101A6B166E61}.Debug|Any CPU.ActiveCfg = Debug|Any CPU
		{35F2F483-4D57-F78B-D3BC-101A6B166E61}.Debug|Any CPU.Build.0 = Debug|Any CPU
		{35F2F483-4D57-F78B-D3BC-101A6B166E61}.Release|Any CPU.ActiveCfg = Release|Any CPU
		{35F2F483-4D57-F78B-D3BC-101A6B166E61}.Release|Any CPU.Build.0 = Release|Any CPU
	EndGlobalSection
	GlobalSection(SolutionProperties) = preSolution
		HideSolutionNode = FALSE
	EndGlobalSection
	GlobalSection(ExtensibilityGlobals) = postSolution
		SolutionGuid = {66A78006-BEB0-4D5B-939D-AD96E288BF9F}
	EndGlobalSection
EndGlobal
