
Microsoft Visual Studio Solution File, Format Version 12.00
# Visual Studio Version 16
VisualStudioVersion = 16.6.30114.105
MinimumVisualStudioVersion = 10.0.40219.1
Project("{FAE04EC0-301F-11D3-BF4B-00C04F79EFBC}") = "MyApp", "MyApp\MyApp.csproj", "{1925CEB4-51B0-463F-8B5A-E5F58AD8E31F}"
EndProject
Project("{FAE04EC0-301F-11D3-BF4B-00C04F79EFBC}") = "MyClass", "MyClass\MyClass.csproj", "{B3C43517-5DB8-4D85-85C8-C9B6CE07F02C}"
EndProject
Global
	GlobalSection(SolutionConfigurationPlatforms) = preSolution
		Debug|Any CPU = Debug|Any CPU
		Debug|x64 = Debug|x64
		Debug|x86 = Debug|x86
		Release|Any CPU = Release|Any CPU
		Release|x64 = Release|x64
		Release|x86 = Release|x86
	EndGlobalSection
	GlobalSection(SolutionProperties) = preSolution
		HideSolutionNode = FALSE
	EndGlobalSection
	GlobalSection(ProjectConfigurationPlatforms) = postSolution
		{1925CEB4-51B0-463F-8B5A-E5F58AD8E31F}.Debug|Any CPU.ActiveCfg = Debug|Any CPU
		{1925CEB4-51B0-463F-8B5A-E5F58AD8E31F}.Debug|Any CPU.Build.0 = Debug|Any CPU
		{1925CEB4-51B0-463F-8B5A-E5F58AD8E31F}.Debug|x64.ActiveCfg = Debug|Any CPU
		{1925CEB4-51B0-463F-8B5A-E5F58AD8E31F}.Debug|x64.Build.0 = Debug|Any CPU
		{1925CEB4-51B0-463F-8B5A-E5F58AD8E31F}.Debug|x86.ActiveCfg = Debug|Any CPU
		{1925CEB4-51B0-463F-8B5A-E5F58AD8E31F}.Debug|x86.Build.0 = Debug|Any CPU
		{1925CEB4-51B0-463F-8B5A-E5F58AD8E31F}.Release|Any CPU.ActiveCfg = Release|Any CPU
		{1925CEB4-51B0-463F-8B5A-E5F58AD8E31F}.Release|Any CPU.Build.0 = Release|Any CPU
		{1925CEB4-51B0-463F-8B5A-E5F58AD8E31F}.Release|x64.ActiveCfg = Release|Any CPU
		{1925CEB4-51B0-463F-8B5A-E5F58AD8E31F}.Release|x64.Build.0 = Release|Any CPU
		{1925CEB4-51B0-463F-8B5A-E5F58AD8E31F}.Release|x86.ActiveCfg = Release|Any CPU
		{1925CEB4-51B0-463F-8B5A-E5F58AD8E31F}.Release|x86.Build.0 = Release|Any CPU
		{B3C43517-5DB8-4D85-85C8-C9B6CE07F02C}.Debug|Any CPU.ActiveCfg = Debug|Any CPU
		{B3C43517-5DB8-4D85-85C8-C9B6CE07F02C}.Debug|Any CPU.Build.0 = Debug|Any CPU
		{B3C43517-5DB8-4D85-85C8-C9B6CE07F02C}.Debug|x64.ActiveCfg = Debug|Any CPU
		{B3C43517-5DB8-4D85-85C8-C9B6CE07F02C}.Debug|x64.Build.0 = Debug|Any CPU
		{B3C43517-5DB8-4D85-85C8-C9B6CE07F02C}.Debug|x86.ActiveCfg = Debug|Any CPU
		{B3C43517-5DB8-4D85-85C8-C9B6CE07F02C}.Debug|x86.Build.0 = Debug|Any CPU
		{B3C43517-5DB8-4D85-85C8-C9B6CE07F02C}.Release|Any CPU.ActiveCfg = Release|Any CPU
		{B3C43517-5DB8-4D85-85C8-C9B6CE07F02C}.Release|Any CPU.Build.0 = Release|Any CPU
		{B3C43517-5DB8-4D85-85C8-C9B6CE07F02C}.Release|x64.ActiveCfg = Release|Any CPU
		{B3C43517-5DB8-4D85-85C8-C9B6CE07F02C}.Release|x64.Build.0 = Release|Any CPU
		{B3C43517-5DB8-4D85-85C8-C9B6CE07F02C}.Release|x86.ActiveCfg = Release|Any CPU
		{B3C43517-5DB8-4D85-85C8-C9B6CE07F02C}.Release|x86.Build.0 = Release|Any CPU
	EndGlobalSection
EndGlobal
